// !$*UTF8*$!
{
	archiveVersion = 1;
	classes = {
	};
	objectVersion = 46;
	objects = {

/* Begin PBXBuildFile section */
		2A2ED0421A63A42A00F93F9C /* main.m in Sources */ = {isa = PBXBuildFile; fileRef = 2A2ED0411A63A42A00F93F9C /* main.m */; };
		2A2ED0451A63A42A00F93F9C /* AppDelegate.m in Sources */ = {isa = PBXBuildFile; fileRef = 2A2ED0441A63A42A00F93F9C /* AppDelegate.m */; };
		2A2ED04D1A63A42A00F93F9C /* Images.xcassets in Resources */ = {isa = PBXBuildFile; fileRef = 2A2ED04C1A63A42A00F93F9C /* Images.xcassets */; };
		2A2ED05C1A63A42A00F93F9C /* DemoZipArchiveTests.m in Sources */ = {isa = PBXBuildFile; fileRef = 2A2ED05B1A63A42A00F93F9C /* DemoZipArchiveTests.m */; };
		2A2ED0671A63A54200F93F9C /* TableViewController.m in Sources */ = {isa = PBXBuildFile; fileRef = 2A2ED0661A63A54200F93F9C /* TableViewController.m */; };
		2A2ED06D1A63B1F700F93F9C /* ZipArchive.m in Sources */ = {isa = PBXBuildFile; fileRef = 2A2ED06C1A63B1F700F93F9C /* ZipArchive.m */; };
		2A2ED0761A63B24B00F93F9C /* ioapi.c in Sources */ = {isa = PBXBuildFile; fileRef = 2A2ED0701A63B24B00F93F9C /* ioapi.c */; };
		2A2ED0771A63B24B00F93F9C /* unzip.c in Sources */ = {isa = PBXBuildFile; fileRef = 2A2ED0721A63B24B00F93F9C /* unzip.c */; };
		2A2ED0781A63B24B00F93F9C /* zip.c in Sources */ = {isa = PBXBuildFile; fileRef = 2A2ED0741A63B24B00F93F9C /* zip.c */; };
		2A2ED07B1A63B26700F93F9C /* mztools.c in Sources */ = {isa = PBXBuildFile; fileRef = 2A2ED0791A63B26700F93F9C /* mztools.c */; };
		2A2ED07D1A63B30800F93F9C /* libz.dylib in Frameworks */ = {isa = PBXBuildFile; fileRef = 2A2ED07C1A63B30800F93F9C /* libz.dylib */; };
		2A5E1B571A6589A600C2344A /* 測試用中文目錄.zip in Resources */ = {isa = PBXBuildFile; fileRef = 2A5E1B561A6589A600C2344A /* 測試用中文目錄.zip */; };
		2A5E1B591A658A9B00C2344A /* ZipArchive(zip test).zip in Resources */ = {isa = PBXBuildFile; fileRef = 2A5E1B581A658A9B00C2344A /* ZipArchive(zip test).zip */; };
/* End PBXBuildFile section */

/* Begin PBXContainerItemProxy section */
		2A2ED0561A63A42A00F93F9C /* PBXContainerItemProxy */ = {
			isa = PBXContainerItemProxy;
			containerPortal = 2A2ED0341A63A42A00F93F9C /* Project object */;
			proxyType = 1;
			remoteGlobalIDString = 2A2ED03B1A63A42A00F93F9C;
			remoteInfo = DemoZipArchive;
		};
/* End PBXContainerItemProxy section */

/* Begin PBXFileReference section */
		2A2ED03C1A63A42A00F93F9C /* DemoZipArchive.app */ = {isa = PBXFileReference; explicitFileType = wrapper.application; includeInIndex = 0; path = DemoZipArchive.app; sourceTree = BUILT_PRODUCTS_DIR; };
		2A2ED0401A63A42A00F93F9C /* Info.plist */ = {isa = PBXFileReference; lastKnownFileType = text.plist.xml; path = Info.plist; sourceTree = "<group>"; };
		2A2ED0411A63A42A00F93F9C /* main.m */ = {isa = PBXFileReference; lastKnownFileType = sourcecode.c.objc; path = main.m; sourceTree = "<group>"; };
		2A2ED0431A63A42A00F93F9C /* AppDelegate.h */ = {isa = PBXFileReference; lastKnownFileType = sourcecode.c.h; path = AppDelegate.h; sourceTree = "<group>"; };
		2A2ED0441A63A42A00F93F9C /* AppDelegate.m */ = {isa = PBXFileReference; lastKnownFileType = sourcecode.c.objc; path = AppDelegate.m; sourceTree = "<group>"; };
		2A2ED04C1A63A42A00F93F9C /* Images.xcassets */ = {isa = PBXFileReference; lastKnownFileType = folder.assetcatalog; path = Images.xcassets; sourceTree = "<group>"; };
		2A2ED0551A63A42A00F93F9C /* DemoZipArchiveTests.xctest */ = {isa = PBXFileReference; explicitFileType = wrapper.cfbundle; includeInIndex = 0; path = DemoZipArchiveTests.xctest; sourceTree = BUILT_PRODUCTS_DIR; };
		2A2ED05A1A63A42A00F93F9C /* Info.plist */ = {isa = PBXFileReference; lastKnownFileType = text.plist.xml; path = Info.plist; sourceTree = "<group>"; };
		2A2ED05B1A63A42A00F93F9C /* DemoZipArchiveTests.m */ = {isa = PBXFileReference; lastKnownFileType = sourcecode.c.objc; path = DemoZipArchiveTests.m; sourceTree = "<group>"; };
		2A2ED0651A63A54200F93F9C /* TableViewController.h */ = {isa = PBXFileReference; fileEncoding = 4; lastKnownFileType = sourcecode.c.h; path = TableViewController.h; sourceTree = "<group>"; };
		2A2ED0661A63A54200F93F9C /* TableViewController.m */ = {isa = PBXFileReference; fileEncoding = 4; lastKnownFileType = sourcecode.c.objc; path = TableViewController.m; sourceTree = "<group>"; };
		2A2ED06A1A63B1F700F93F9C /* ARCMacros.h */ = {isa = PBXFileReference; fileEncoding = 4; lastKnownFileType = sourcecode.c.h; name = ARCMacros.h; path = ../../ARCMacros.h; sourceTree = "<group>"; };
		2A2ED06B1A63B1F700F93F9C /* ZipArchive.h */ = {isa = PBXFileReference; fileEncoding = 4; lastKnownFileType = sourcecode.c.h; name = ZipArchive.h; path = ../../ZipArchive.h; sourceTree = "<group>"; };
		2A2ED06C1A63B1F700F93F9C /* ZipArchive.m */ = {isa = PBXFileReference; fileEncoding = 4; lastKnownFileType = sourcecode.c.objc; name = ZipArchive.m; path = ../../ZipArchive.m; sourceTree = "<group>"; };
		2A2ED06F1A63B24B00F93F9C /* crypt.h */ = {isa = PBXFileReference; fileEncoding = 4; lastKnownFileType = sourcecode.c.h; name = crypt.h; path = ../../minizip/crypt.h; sourceTree = "<group>"; };
		2A2ED0701A63B24B00F93F9C /* ioapi.c */ = {isa = PBXFileReference; fileEncoding = 4; lastKnownFileType = sourcecode.c.c; name = ioapi.c; path = ../../minizip/ioapi.c; sourceTree = "<group>"; };
		2A2ED0711A63B24B00F93F9C /* ioapi.h */ = {isa = PBXFileReference; fileEncoding = 4; lastKnownFileType = sourcecode.c.h; name = ioapi.h; path = ../../minizip/ioapi.h; sourceTree = "<group>"; };
		2A2ED0721A63B24B00F93F9C /* unzip.c */ = {isa = PBXFileReference; fileEncoding = 4; lastKnownFileType = sourcecode.c.c; name = unzip.c; path = ../../minizip/unzip.c; sourceTree = "<group>"; };
		2A2ED0731A63B24B00F93F9C /* unzip.h */ = {isa = PBXFileReference; fileEncoding = 4; lastKnownFileType = sourcecode.c.h; name = unzip.h; path = ../../minizip/unzip.h; sourceTree = "<group>"; };
		2A2ED0741A63B24B00F93F9C /* zip.c */ = {isa = PBXFileReference; fileEncoding = 4; lastKnownFileType = sourcecode.c.c; name = zip.c; path = ../../minizip/zip.c; sourceTree = "<group>"; };
		2A2ED0751A63B24B00F93F9C /* zip.h */ = {isa = PBXFileReference; fileEncoding = 4; lastKnownFileType = sourcecode.c.h; name = zip.h; path = ../../minizip/zip.h; sourceTree = "<group>"; };
		2A2ED0791A63B26700F93F9C /* mztools.c */ = {isa = PBXFileReference; fileEncoding = 4; lastKnownFileType = sourcecode.c.c; name = mztools.c; path = ../../minizip/mztools.c; sourceTree = "<group>"; };
		2A2ED07A1A63B26700F93F9C /* mztools.h */ = {isa = PBXFileReference; fileEncoding = 4; lastKnownFileType = sourcecode.c.h; name = mztools.h; path = ../../minizip/mztools.h; sourceTree = "<group>"; };
		2A2ED07C1A63B30800F93F9C /* libz.dylib */ = {isa = PBXFileReference; lastKnownFileType = "compiled.mach-o.dylib"; name = libz.dylib; path = usr/lib/libz.dylib; sourceTree = SDKROOT; };
		2A5E1B561A6589A600C2344A /* 測試用中文目錄.zip */ = {isa = PBXFileReference; lastKnownFileType = archive.zip; path = "測試用中文目錄.zip"; sourceTree = "<group>"; };
		2A5E1B581A658A9B00C2344A /* ZipArchive(zip test).zip */ = {isa = PBXFileReference; lastKnownFileType = archive.zip; path = "ZipArchive(zip test).zip"; sourceTree = "<group>"; };
/* End PBXFileReference section */

/* Begin PBXFrameworksBuildPhase section */
		2A2ED0391A63A42A00F93F9C /* Frameworks */ = {
			isa = PBXFrameworksBuildPhase;
			buildActionMask = 2147483647;
			files = (
				2A2ED07D1A63B30800F93F9C /* libz.dylib in Frameworks */,
			);
			runOnlyForDeploymentPostprocessing = 0;
		};
		2A2ED0521A63A42A00F93F9C /* Frameworks */ = {
			isa = PBXFrameworksBuildPhase;
			buildActionMask = 2147483647;
			files = (
			);
			runOnlyForDeploymentPostprocessing = 0;
		};
/* End PBXFrameworksBuildPhase section */

/* Begin PBXGroup section */
		2A2ED0331A63A42A00F93F9C = {
			isa = PBXGroup;
			children = (
				2A2ED03E1A63A42A00F93F9C /* DemoZipArchive */,
				2A2ED0581A63A42A00F93F9C /* DemoZipArchiveTests */,
				2A2ED07E1A63E11A00F93F9C /* Resources */,
				2A2ED0681A63B18100F93F9C /* Libraries */,
				2A2ED03D1A63A42A00F93F9C /* Products */,
			);
			sourceTree = "<group>";
		};
		2A2ED03D1A63A42A00F93F9C /* Products */ = {
			isa = PBXGroup;
			children = (
				2A2ED03C1A63A42A00F93F9C /* DemoZipArchive.app */,
				2A2ED0551A63A42A00F93F9C /* DemoZipArchiveTests.xctest */,
			);
			name = Products;
			sourceTree = "<group>";
		};
		2A2ED03E1A63A42A00F93F9C /* DemoZipArchive */ = {
			isa = PBXGroup;
			children = (
				2A2ED0651A63A54200F93F9C /* TableViewController.h */,
				2A2ED0661A63A54200F93F9C /* TableViewController.m */,
				2A2ED0431A63A42A00F93F9C /* AppDelegate.h */,
				2A2ED0441A63A42A00F93F9C /* AppDelegate.m */,
				2A2ED04C1A63A42A00F93F9C /* Images.xcassets */,
				2A2ED03F1A63A42A00F93F9C /* Supporting Files */,
			);
			path = DemoZipArchive;
			sourceTree = "<group>";
		};
		2A2ED03F1A63A42A00F93F9C /* Supporting Files */ = {
			isa = PBXGroup;
			children = (
				2A2ED0401A63A42A00F93F9C /* Info.plist */,
				2A2ED0411A63A42A00F93F9C /* main.m */,
			);
			name = "Supporting Files";
			sourceTree = "<group>";
		};
		2A2ED0581A63A42A00F93F9C /* DemoZipArchiveTests */ = {
			isa = PBXGroup;
			children = (
				2A2ED05B1A63A42A00F93F9C /* DemoZipArchiveTests.m */,
				2A2ED0591A63A42A00F93F9C /* Supporting Files */,
			);
			path = DemoZipArchiveTests;
			sourceTree = "<group>";
		};
		2A2ED0591A63A42A00F93F9C /* Supporting Files */ = {
			isa = PBXGroup;
			children = (
				2A2ED05A1A63A42A00F93F9C /* Info.plist */,
			);
			name = "Supporting Files";
			sourceTree = "<group>";
		};
		2A2ED0681A63B18100F93F9C /* Libraries */ = {
			isa = PBXGroup;
			children = (
				2A2ED0691A63B19500F93F9C /* ZipArchive */,
			);
			name = Libraries;
			sourceTree = "<group>";
		};
		2A2ED0691A63B19500F93F9C /* ZipArchive */ = {
			isa = PBXGroup;
			children = (
				2A2ED07C1A63B30800F93F9C /* libz.dylib */,
				2A2ED06E1A63B22900F93F9C /* minizip */,
				2A2ED06A1A63B1F700F93F9C /* ARCMacros.h */,
				2A2ED06B1A63B1F700F93F9C /* ZipArchive.h */,
				2A2ED06C1A63B1F700F93F9C /* ZipArchive.m */,
			);
			name = ZipArchive;
			sourceTree = "<group>";
		};
		2A2ED06E1A63B22900F93F9C /* minizip */ = {
			isa = PBXGroup;
			children = (
				2A2ED06F1A63B24B00F93F9C /* crypt.h */,
				2A2ED0701A63B24B00F93F9C /* ioapi.c */,
				2A2ED0711A63B24B00F93F9C /* ioapi.h */,
				2A2ED0791A63B26700F93F9C /* mztools.c */,
				2A2ED07A1A63B26700F93F9C /* mztools.h */,
				2A2ED0721A63B24B00F93F9C /* unzip.c */,
				2A2ED0731A63B24B00F93F9C /* unzip.h */,
				2A2ED0741A63B24B00F93F9C /* zip.c */,
				2A2ED0751A63B24B00F93F9C /* zip.h */,
			);
			name = minizip;
			sourceTree = "<group>";
		};
		2A2ED07E1A63E11A00F93F9C /* Resources */ = {
			isa = PBXGroup;
			children = (
				2A5E1B581A658A9B00C2344A /* ZipArchive(zip test).zip */,
				2A5E1B561A6589A600C2344A /* 測試用中文目錄.zip */,
			);
			name = Resources;
			sourceTree = "<group>";
		};
/* End PBXGroup section */

/* Begin PBXNativeTarget section */
		2A2ED03B1A63A42A00F93F9C /* DemoZipArchive */ = {
			isa = PBXNativeTarget;
			buildConfigurationList = 2A2ED05F1A63A42A00F93F9C /* Build configuration list for PBXNativeTarget "DemoZipArchive" */;
			buildPhases = (
				2A2ED0381A63A42A00F93F9C /* Sources */,
				2A2ED0391A63A42A00F93F9C /* Frameworks */,
				2A2ED03A1A63A42A00F93F9C /* Resources */,
			);
			buildRules = (
			);
			dependencies = (
			);
			name = DemoZipArchive;
			productName = DemoZipArchive;
			productReference = 2A2ED03C1A63A42A00F93F9C /* DemoZipArchive.app */;
			productType = "com.apple.product-type.application";
		};
		2A2ED0541A63A42A00F93F9C /* DemoZipArchiveTests */ = {
			isa = PBXNativeTarget;
			buildConfigurationList = 2A2ED0621A63A42A00F93F9C /* Build configuration list for PBXNativeTarget "DemoZipArchiveTests" */;
			buildPhases = (
				2A2ED0511A63A42A00F93F9C /* Sources */,
				2A2ED0521A63A42A00F93F9C /* Frameworks */,
				2A2ED0531A63A42A00F93F9C /* Resources */,
			);
			buildRules = (
			);
			dependencies = (
				2A2ED0571A63A42A00F93F9C /* PBXTargetDependency */,
			);
			name = DemoZipArchiveTests;
			productName = DemoZipArchiveTests;
			productReference = 2A2ED0551A63A42A00F93F9C /* DemoZipArchiveTests.xctest */;
			productType = "com.apple.product-type.bundle.unit-test";
		};
/* End PBXNativeTarget section */

/* Begin PBXProject section */
		2A2ED0341A63A42A00F93F9C /* Project object */ = {
			isa = PBXProject;
			attributes = {
				LastUpgradeCheck = 0610;
				ORGANIZATIONNAME = TechD;
				TargetAttributes = {
					2A2ED03B1A63A42A00F93F9C = {
						CreatedOnToolsVersion = 6.1.1;
					};
					2A2ED0541A63A42A00F93F9C = {
						CreatedOnToolsVersion = 6.1.1;
						TestTargetID = 2A2ED03B1A63A42A00F93F9C;
					};
				};
			};
			buildConfigurationList = 2A2ED0371A63A42A00F93F9C /* Build configuration list for PBXProject "DemoZipArchive" */;
			compatibilityVersion = "Xcode 3.2";
			developmentRegion = English;
			hasScannedForEncodings = 0;
			knownRegions = (
				en,
				Base,
			);
			mainGroup = 2A2ED0331A63A42A00F93F9C;
			productRefGroup = 2A2ED03D1A63A42A00F93F9C /* Products */;
			projectDirPath = "";
			projectRoot = "";
			targets = (
				2A2ED03B1A63A42A00F93F9C /* DemoZipArchive */,
				2A2ED0541A63A42A00F93F9C /* DemoZipArchiveTests */,
			);
		};
/* End PBXProject section */

/* Begin PBXResourcesBuildPhase section */
		2A2ED03A1A63A42A00F93F9C /* Resources */ = {
			isa = PBXResourcesBuildPhase;
			buildActionMask = 2147483647;
			files = (
				2A5E1B591A658A9B00C2344A /* ZipArchive(zip test).zip in Resources */,
				2A5E1B571A6589A600C2344A /* 測試用中文目錄.zip in Resources */,
				2A2ED04D1A63A42A00F93F9C /* Images.xcassets in Resources */,
			);
			runOnlyForDeploymentPostprocessing = 0;
		};
		2A2ED0531A63A42A00F93F9C /* Resources */ = {
			isa = PBXResourcesBuildPhase;
			buildActionMask = 2147483647;
			files = (
			);
			runOnlyForDeploymentPostprocessing = 0;
		};
/* End PBXResourcesBuildPhase section */

/* Begin PBXSourcesBuildPhase section */
		2A2ED0381A63A42A00F93F9C /* Sources */ = {
			isa = PBXSourcesBuildPhase;
			buildActionMask = 2147483647;
			files = (
				2A2ED0771A63B24B00F93F9C /* unzip.c in Sources */,
				2A2ED06D1A63B1F700F93F9C /* ZipArchive.m in Sources */,
				2A2ED07B1A63B26700F93F9C /* mztools.c in Sources */,
				2A2ED0451A63A42A00F93F9C /* AppDelegate.m in Sources */,
				2A2ED0421A63A42A00F93F9C /* main.m in Sources */,
				2A2ED0781A63B24B00F93F9C /* zip.c in Sources */,
				2A2ED0671A63A54200F93F9C /* TableViewController.m in Sources */,
				2A2ED0761A63B24B00F93F9C /* ioapi.c in Sources */,
			);
			runOnlyForDeploymentPostprocessing = 0;
		};
		2A2ED0511A63A42A00F93F9C /* Sources */ = {
			isa = PBXSourcesBuildPhase;
			buildActionMask = 2147483647;
			files = (
				2A2ED05C1A63A42A00F93F9C /* DemoZipArchiveTests.m in Sources */,
			);
			runOnlyForDeploymentPostprocessing = 0;
		};
/* End PBXSourcesBuildPhase section */

/* Begin PBXTargetDependency section */
		2A2ED0571A63A42A00F93F9C /* PBXTargetDependency */ = {
			isa = PBXTargetDependency;
			target = 2A2ED03B1A63A42A00F93F9C /* DemoZipArchive */;
			targetProxy = 2A2ED0561A63A42A00F93F9C /* PBXContainerItemProxy */;
		};
/* End PBXTargetDependency section */

/* Begin XCBuildConfiguration section */
		2A2ED05D1A63A42A00F93F9C /* Debug */ = {
			isa = XCBuildConfiguration;
			buildSettings = {
				ALWAYS_SEARCH_USER_PATHS = NO;
				CLANG_CXX_LANGUAGE_STANDARD = "gnu++0x";
				CLANG_CXX_LIBRARY = "libc++";
				CLANG_ENABLE_MODULES = YES;
				CLANG_ENABLE_OBJC_ARC = YES;
				CLANG_WARN_BOOL_CONVERSION = YES;
				CLANG_WARN_CONSTANT_CONVERSION = YES;
				CLANG_WARN_DIRECT_OBJC_ISA_USAGE = YES_ERROR;
				CLANG_WARN_EMPTY_BODY = YES;
				CLANG_WARN_ENUM_CONVERSION = YES;
				CLANG_WARN_INT_CONVERSION = YES;
				CLANG_WARN_OBJC_ROOT_CLASS = YES_ERROR;
				CLANG_WARN_UNREACHABLE_CODE = YES;
				CLANG_WARN__DUPLICATE_METHOD_MATCH = YES;
				"CODE_SIGN_IDENTITY[sdk=iphoneos*]" = "iPhone Developer";
				COPY_PHASE_STRIP = NO;
				ENABLE_STRICT_OBJC_MSGSEND = YES;
				GCC_C_LANGUAGE_STANDARD = gnu99;
				GCC_DYNAMIC_NO_PIC = NO;
				GCC_OPTIMIZATION_LEVEL = 0;
				GCC_PREPROCESSOR_DEFINITIONS = (
					"DEBUG=1",
					"$(inherited)",
				);
				GCC_SYMBOLS_PRIVATE_EXTERN = NO;
				GCC_WARN_64_TO_32_BIT_CONVERSION = YES;
				GCC_WARN_ABOUT_RETURN_TYPE = YES_ERROR;
				GCC_WARN_UNDECLARED_SELECTOR = YES;
				GCC_WARN_UNINITIALIZED_AUTOS = YES_AGGRESSIVE;
				GCC_WARN_UNUSED_FUNCTION = YES;
				GCC_WARN_UNUSED_VARIABLE = YES;
				IPHONEOS_DEPLOYMENT_TARGET = 7.1;
				MTL_ENABLE_DEBUG_INFO = YES;
				ONLY_ACTIVE_ARCH = YES;
				SDKROOT = iphoneos;
			};
			name = Debug;
		};
		2A2ED05E1A63A42A00F93F9C /* Release */ = {
			isa = XCBuildConfiguration;
			buildSettings = {
				ALWAYS_SEARCH_USER_PATHS = NO;
				CLANG_CXX_LANGUAGE_STANDARD = "gnu++0x";
				CLANG_CXX_LIBRARY = "libc++";
				CLANG_ENABLE_MODULES = YES;
				CLANG_ENABLE_OBJC_ARC = YES;
				CLANG_WARN_BOOL_CONVERSION = YES;
				CLANG_WARN_CONSTANT_CONVERSION = YES;
				CLANG_WARN_DIRECT_OBJC_ISA_USAGE = YES_ERROR;
				CLANG_WARN_EMPTY_BODY = YES;
				CLANG_WARN_ENUM_CONVERSION = YES;
				CLANG_WARN_INT_CONVERSION = YES;
				CLANG_WARN_OBJC_ROOT_CLASS = YES_ERROR;
				CLANG_WARN_UNREACHABLE_CODE = YES;
				CLANG_WARN__DUPLICATE_METHOD_MATCH = YES;
				"CODE_SIGN_IDENTITY[sdk=iphoneos*]" = "iPhone Developer";
				COPY_PHASE_STRIP = YES;
				ENABLE_NS_ASSERTIONS = NO;
				ENABLE_STRICT_OBJC_MSGSEND = YES;
				GCC_C_LANGUAGE_STANDARD = gnu99;
				GCC_WARN_64_TO_32_BIT_CONVERSION = YES;
				GCC_WARN_ABOUT_RETURN_TYPE = YES_ERROR;
				GCC_WARN_UNDECLARED_SELECTOR = YES;
				GCC_WARN_UNINITIALIZED_AUTOS = YES_AGGRESSIVE;
				GCC_WARN_UNUSED_FUNCTION = YES;
				GCC_WARN_UNUSED_VARIABLE = YES;
				IPHONEOS_DEPLOYMENT_TARGET = 7.1;
				MTL_ENABLE_DEBUG_INFO = NO;
				SDKROOT = iphoneos;
				VALIDATE_PRODUCT = YES;
			};
			name = Release;
		};
		2A2ED0601A63A42A00F93F9C /* Debug */ = {
			isa = XCBuildConfiguration;
			buildSettings = {
				ASSETCATALOG_COMPILER_APPICON_NAME = AppIcon;
				INFOPLIST_FILE = DemoZipArchive/Info.plist;
				LD_RUNPATH_SEARCH_PATHS = "$(inherited) @executable_path/Frameworks";
				PRODUCT_NAME = "$(TARGET_NAME)";
			};
			name = Debug;
		};
		2A2ED0611A63A42A00F93F9C /* Release */ = {
			isa = XCBuildConfiguration;
			buildSettings = {
				ASSETCATALOG_COMPILER_APPICON_NAME = AppIcon;
				INFOPLIST_FILE = DemoZipArchive/Info.plist;
				LD_RUNPATH_SEARCH_PATHS = "$(inherited) @executable_path/Frameworks";
				PRODUCT_NAME = "$(TARGET_NAME)";
			};
			name = Release;
		};
		2A2ED0631A63A42A00F93F9C /* Debug */ = {
			isa = XCBuildConfiguration;
			buildSettings = {
				BUNDLE_LOADER = "$(TEST_HOST)";
				FRAMEWORK_SEARCH_PATHS = (
					"$(SDKROOT)/Developer/Library/Frameworks",
					"$(inherited)",
				);
				GCC_PREPROCESSOR_DEFINITIONS = (
					"DEBUG=1",
					"$(inherited)",
				);
				INFOPLIST_FILE = DemoZipArchiveTests/Info.plist;
				LD_RUNPATH_SEARCH_PATHS = "$(inherited) @executable_path/Frameworks @loader_path/Frameworks";
				PRODUCT_NAME = "$(TARGET_NAME)";
				TEST_HOST = "$(BUILT_PRODUCTS_DIR)/DemoZipArchive.app/DemoZipArchive";
			};
			name = Debug;
		};
		2A2ED0641A63A42A00F93F9C /* Release */ = {
			isa = XCBuildConfiguration;
			buildSettings = {
				BUNDLE_LOADER = "$(TEST_HOST)";
				FRAMEWORK_SEARCH_PATHS = (
					"$(SDKROOT)/Developer/Library/Frameworks",
					"$(inherited)",
				);
				INFOPLIST_FILE = DemoZipArchiveTests/Info.plist;
				LD_RUNPATH_SEARCH_PATHS = "$(inherited) @executable_path/Frameworks @loader_path/Frameworks";
				PRODUCT_NAME = "$(TARGET_NAME)";
				TEST_HOST = "$(BUILT_PRODUCTS_DIR)/DemoZipArchive.app/DemoZipArchive";
			};
			name = Release;
		};
/* End XCBuildConfiguration section */

/* Begin XCConfigurationList section */
		2A2ED0371A63A42A00F93F9C /* Build configuration list for PBXProject "DemoZipArchive" */ = {
			isa = XCConfigurationList;
			buildConfigurations = (
				2A2ED05D1A63A42A00F93F9C /* Debug */,
				2A2ED05E1A63A42A00F93F9C /* Release */,
			);
			defaultConfigurationIsVisible = 0;
			defaultConfigurationName = Release;
		};
		2A2ED05F1A63A42A00F93F9C /* Build configuration list for PBXNativeTarget "DemoZipArchive" */ = {
			isa = XCConfigurationList;
			buildConfigurations = (
				2A2ED0601A63A42A00F93F9C /* Debug */,
				2A2ED0611A63A42A00F93F9C /* Release */,
			);
			defaultConfigurationIsVisible = 0;
			defaultConfigurationName = Release;
		};
		2A2ED0621A63A42A00F93F9C /* Build configuration list for PBXNativeTarget "DemoZipArchiveTests" */ = {
			isa = XCConfigurationList;
			buildConfigurations = (
				2A2ED0631A63A42A00F93F9C /* Debug */,
				2A2ED0641A63A42A00F93F9C /* Release */,
			);
			defaultConfigurationIsVisible = 0;
			defaultConfigurationName = Release;
		};
/* End XCConfigurationList section */
	};
	rootObject = 2A2ED0341A63A42A00F93F9C /* Project object */;
}
