// !$*UTF8*$!
{
	archiveVersion = 1;
	classes = {
	};
	objectVersion = 45;
	objects = {

/* Begin PBXBuildFile section */
		AA747D9F0F9514B9006C5449 /* ZipArchive_Prefix.pch in Headers */ = {isa = PBXBuildFile; fileRef = AA747D9E0F9514B9006C5449 /* ZipArchive_Prefix.pch */; };
		AACBBE4A0F95108600F1A2B1 /* Foundation.framework in Frameworks */ = {isa = PBXBuildFile; fileRef = AACBBE490F95108600F1A2B1 /* Foundation.framework */; };
		C9E8EBDC124F3CD70047C862 /* libz.dylib in Frameworks */ = {isa = PBXBuildFile; fileRef = C9E8EBDB124F3CD70047C862 /* libz.dylib */; };
		C9E8EBED124F3D030047C862 /* crypt.h in Headers */ = {isa = PBXBuildFile; fileRef = C9E8EBE3124F3D030047C862 /* crypt.h */; };
		C9E8EBEE124F3D030047C862 /* ioapi.c in Sources */ = {isa = PBXBuildFile; fileRef = C9E8EBE4124F3D030047C862 /* ioapi.c */; };
		C9E8EBEF124F3D030047C862 /* ioapi.h in Headers */ = {isa = PBXBuildFile; fileRef = C9E8EBE5124F3D030047C862 /* ioapi.h */; };
		C9E8EBF1124F3D030047C862 /* mztools.c in Sources */ = {isa = PBXBuildFile; fileRef = C9E8EBE7124F3D030047C862 /* mztools.c */; };
		C9E8EBF2124F3D030047C862 /* mztools.h in Headers */ = {isa = PBXBuildFile; fileRef = C9E8EBE8124F3D030047C862 /* mztools.h */; };
		C9E8EBF3124F3D030047C862 /* unzip.c in Sources */ = {isa = PBXBuildFile; fileRef = C9E8EBE9124F3D030047C862 /* unzip.c */; };
		C9E8EBF4124F3D030047C862 /* unzip.h in Headers */ = {isa = PBXBuildFile; fileRef = C9E8EBEA124F3D030047C862 /* unzip.h */; };
		C9E8EBF5124F3D030047C862 /* zip.c in Sources */ = {isa = PBXBuildFile; fileRef = C9E8EBEB124F3D030047C862 /* zip.c */; };
		C9E8EBF6124F3D030047C862 /* zip.h in Headers */ = {isa = PBXBuildFile; fileRef = C9E8EBEC124F3D030047C862 /* zip.h */; };
		C9E8EBF9124F3D170047C862 /* ZipArchive.h in Headers */ = {isa = PBXBuildFile; fileRef = C9E8EBF7124F3D170047C862 /* ZipArchive.h */; };
		C9E8EBFA124F3D170047C862 /* ZipArchive.m in Sources */ = {isa = PBXBuildFile; fileRef = C9E8EBF8124F3D170047C862 /* ZipArchive.m */; };
/* End PBXBuildFile section */

/* Begin PBXFileReference section */
		AA747D9E0F9514B9006C5449 /* ZipArchive_Prefix.pch */ = {isa = PBXFileReference; fileEncoding = 4; lastKnownFileType = sourcecode.c.h; path = ZipArchive_Prefix.pch; sourceTree = SOURCE_ROOT; };
		AACBBE490F95108600F1A2B1 /* Foundation.framework */ = {isa = PBXFileReference; lastKnownFileType = wrapper.framework; name = Foundation.framework; path = System/Library/Frameworks/Foundation.framework; sourceTree = SDKROOT; };
		C9E8EBDB124F3CD70047C862 /* libz.dylib */ = {isa = PBXFileReference; lastKnownFileType = "compiled.mach-o.dylib"; name = libz.dylib; path = usr/lib/libz.dylib; sourceTree = SDKROOT; };
		C9E8EBE3124F3D030047C862 /* crypt.h */ = {isa = PBXFileReference; fileEncoding = 4; lastKnownFileType = sourcecode.c.h; path = crypt.h; sourceTree = "<group>"; };
		C9E8EBE4124F3D030047C862 /* ioapi.c */ = {isa = PBXFileReference; fileEncoding = 4; lastKnownFileType = sourcecode.c.c; path = ioapi.c; sourceTree = "<group>"; };
		C9E8EBE5124F3D030047C862 /* ioapi.h */ = {isa = PBXFileReference; fileEncoding = 4; lastKnownFileType = sourcecode.c.h; path = ioapi.h; sourceTree = "<group>"; };
		C9E8EBE7124F3D030047C862 /* mztools.c */ = {isa = PBXFileReference; fileEncoding = 4; lastKnownFileType = sourcecode.c.c; path = mztools.c; sourceTree = "<group>"; };
		C9E8EBE8124F3D030047C862 /* mztools.h */ = {isa = PBXFileReference; fileEncoding = 4; lastKnownFileType = sourcecode.c.h; path = mztools.h; sourceTree = "<group>"; };
		C9E8EBE9124F3D030047C862 /* unzip.c */ = {isa = PBXFileReference; fileEncoding = 4; lastKnownFileType = sourcecode.c.c; path = unzip.c; sourceTree = "<group>"; };
		C9E8EBEA124F3D030047C862 /* unzip.h */ = {isa = PBXFileReference; fileEncoding = 4; lastKnownFileType = sourcecode.c.h; path = unzip.h; sourceTree = "<group>"; };
		C9E8EBEB124F3D030047C862 /* zip.c */ = {isa = PBXFileReference; fileEncoding = 4; lastKnownFileType = sourcecode.c.c; path = zip.c; sourceTree = "<group>"; };
		C9E8EBEC124F3D030047C862 /* zip.h */ = {isa = PBXFileReference; fileEncoding = 4; lastKnownFileType = sourcecode.c.h; path = zip.h; sourceTree = "<group>"; };
		C9E8EBF7124F3D170047C862 /* ZipArchive.h */ = {isa = PBXFileReference; fileEncoding = 4; lastKnownFileType = sourcecode.c.h; name = ZipArchive.h; path = ../ZipArchive.h; sourceTree = "<group>"; };
		C9E8EBF8124F3D170047C862 /* ZipArchive.m */ = {isa = PBXFileReference; fileEncoding = 4; lastKnownFileType = sourcecode.c.objc; name = ZipArchive.m; path = ../ZipArchive.m; sourceTree = "<group>"; };
		D2AAC07E0554694100DB518D /* libZipArchive.a */ = {isa = PBXFileReference; explicitFileType = archive.ar; includeInIndex = 0; path = libZipArchive.a; sourceTree = BUILT_PRODUCTS_DIR; };
/* End PBXFileReference section */

/* Begin PBXFrameworksBuildPhase section */
		D2AAC07C0554694100DB518D /* Frameworks */ = {
			isa = PBXFrameworksBuildPhase;
			buildActionMask = 2147483647;
			files = (
				AACBBE4A0F95108600F1A2B1 /* Foundation.framework in Frameworks */,
				C9E8EBDC124F3CD70047C862 /* libz.dylib in Frameworks */,
			);
			runOnlyForDeploymentPostprocessing = 0;
		};
/* End PBXFrameworksBuildPhase section */

/* Begin PBXGroup section */
		034768DFFF38A50411DB9C8B /* Products */ = {
			isa = PBXGroup;
			children = (
				D2AAC07E0554694100DB518D /* libZipArchive.a */,
			);
			name = Products;
			sourceTree = "<group>";
		};
		0867D691FE84028FC02AAC07 /* ZipArchive */ = {
			isa = PBXGroup;
			children = (
				08FB77AEFE84172EC02AAC07 /* Source */,
				32C88DFF0371C24200C91783 /* Other Sources */,
				0867D69AFE84028FC02AAC07 /* Frameworks */,
				034768DFFF38A50411DB9C8B /* Products */,
			);
			name = ZipArchive;
			sourceTree = "<group>";
		};
		0867D69AFE84028FC02AAC07 /* Frameworks */ = {
			isa = PBXGroup;
			children = (
				AACBBE490F95108600F1A2B1 /* Foundation.framework */,
				C9E8EBDB124F3CD70047C862 /* libz.dylib */,
			);
			name = Frameworks;
			sourceTree = "<group>";
		};
		08FB77AEFE84172EC02AAC07 /* Source */ = {
			isa = PBXGroup;
			children = (
				C9E8EBF7124F3D170047C862 /* ZipArchive.h */,
				C9E8EBF8124F3D170047C862 /* ZipArchive.m */,
				C9E8EBE1124F3D030047C862 /* minizip */,
			);
			name = Source;
			sourceTree = "<group>";
		};
		32C88DFF0371C24200C91783 /* Other Sources */ = {
			isa = PBXGroup;
			children = (
				AA747D9E0F9514B9006C5449 /* ZipArchive_Prefix.pch */,
			);
			name = "Other Sources";
			sourceTree = "<group>";
		};
		C9E8EBE1124F3D030047C862 /* minizip */ = {
			isa = PBXGroup;
			children = (
				C9E8EBE3124F3D030047C862 /* crypt.h */,
				C9E8EBE4124F3D030047C862 /* ioapi.c */,
				C9E8EBE5124F3D030047C862 /* ioapi.h */,
				C9E8EBE7124F3D030047C862 /* mztools.c */,
				C9E8EBE8124F3D030047C862 /* mztools.h */,
				C9E8EBE9124F3D030047C862 /* unzip.c */,
				C9E8EBEA124F3D030047C862 /* unzip.h */,
				C9E8EBEB124F3D030047C862 /* zip.c */,
				C9E8EBEC124F3D030047C862 /* zip.h */,
			);
			name = minizip;
			path = ../minizip;
			sourceTree = SOURCE_ROOT;
		};
/* End PBXGroup section */

/* Begin PBXHeadersBuildPhase section */
		D2AAC07A0554694100DB518D /* Headers */ = {
			isa = PBXHeadersBuildPhase;
			buildActionMask = 2147483647;
			files = (
				AA747D9F0F9514B9006C5449 /* ZipArchive_Prefix.pch in Headers */,
				C9E8EBED124F3D030047C862 /* crypt.h in Headers */,
				C9E8EBEF124F3D030047C862 /* ioapi.h in Headers */,
				C9E8EBF2124F3D030047C862 /* mztools.h in Headers */,
				C9E8EBF4124F3D030047C862 /* unzip.h in Headers */,
				C9E8EBF6124F3D030047C862 /* zip.h in Headers */,
				C9E8EBF9124F3D170047C862 /* ZipArchive.h in Headers */,
			);
			runOnlyForDeploymentPostprocessing = 0;
		};
/* End PBXHeadersBuildPhase section */

/* Begin PBXNativeTarget section */
		D2AAC07D0554694100DB518D /* ZipArchive */ = {
			isa = PBXNativeTarget;
			buildConfigurationList = 1DEB921E08733DC00010E9CD /* Build configuration list for PBXNativeTarget "ZipArchive" */;
			buildPhases = (
				D2AAC07A0554694100DB518D /* Headers */,
				D2AAC07B0554694100DB518D /* Sources */,
				D2AAC07C0554694100DB518D /* Frameworks */,
			);
			buildRules = (
			);
			dependencies = (
			);
			name = ZipArchive;
			productName = ZipArchive;
			productReference = D2AAC07E0554694100DB518D /* libZipArchive.a */;
			productType = "com.apple.product-type.library.static";
		};
/* End PBXNativeTarget section */

/* Begin PBXProject section */
		0867D690FE84028FC02AAC07 /* Project object */ = {
			isa = PBXProject;
			buildConfigurationList = 1DEB922208733DC00010E9CD /* Build configuration list for PBXProject "ZipArchive" */;
			compatibilityVersion = "Xcode 3.1";
			developmentRegion = English;
			hasScannedForEncodings = 1;
			knownRegions = (
				English,
				Japanese,
				French,
				German,
			);
			mainGroup = 0867D691FE84028FC02AAC07 /* ZipArchive */;
			productRefGroup = 034768DFFF38A50411DB9C8B /* Products */;
			projectDirPath = "";
			projectRoot = "";
			targets = (
				D2AAC07D0554694100DB518D /* ZipArchive */,
			);
		};
/* End PBXProject section */

/* Begin PBXSourcesBuildPhase section */
		D2AAC07B0554694100DB518D /* Sources */ = {
			isa = PBXSourcesBuildPhase;
			buildActionMask = 2147483647;
			files = (
				C9E8EBEE124F3D030047C862 /* ioapi.c in Sources */,
				C9E8EBF1124F3D030047C862 /* mztools.c in Sources */,
				C9E8EBF3124F3D030047C862 /* unzip.c in Sources */,
				C9E8EBF5124F3D030047C862 /* zip.c in Sources */,
				C9E8EBFA124F3D170047C862 /* ZipArchive.m in Sources */,
			);
			runOnlyForDeploymentPostprocessing = 0;
		};
/* End PBXSourcesBuildPhase section */

/* Begin XCBuildConfiguration section */
		1DEB921F08733DC00010E9CD /* Debug */ = {
			isa = XCBuildConfiguration;
			buildSettings = {
				ALWAYS_SEARCH_USER_PATHS = NO;
				ARCHS = "$(ARCHS_STANDARD_32_BIT)";
				COPY_PHASE_STRIP = NO;
				DSTROOT = /tmp/ZipArchive.dst;
				GCC_DYNAMIC_NO_PIC = NO;
				GCC_ENABLE_FIX_AND_CONTINUE = YES;
				GCC_MODEL_TUNING = G5;
				GCC_OPTIMIZATION_LEVEL = 0;
				GCC_PRECOMPILE_PREFIX_HEADER = YES;
				GCC_PREFIX_HEADER = ZipArchive_Prefix.pch;
				INSTALL_PATH = /usr/local/lib;
				PRODUCT_NAME = ZipArchive;
			};
			name = Debug;
		};
		1DEB922008733DC00010E9CD /* Release */ = {
			isa = XCBuildConfiguration;
			buildSettings = {
				ALWAYS_SEARCH_USER_PATHS = NO;
				ARCHS = "$(ARCHS_STANDARD_32_BIT)";
				DSTROOT = /tmp/ZipArchive.dst;
				GCC_MODEL_TUNING = G5;
				GCC_PRECOMPILE_PREFIX_HEADER = YES;
				GCC_PREFIX_HEADER = ZipArchive_Prefix.pch;
				INSTALL_PATH = /usr/local/lib;
				PRODUCT_NAME = ZipArchive;
			};
			name = Release;
		};
		1DEB922308733DC00010E9CD /* Debug */ = {
			isa = XCBuildConfiguration;
			buildSettings = {
				ARCHS = "$(ARCHS_STANDARD_32_BIT)";
				GCC_C_LANGUAGE_STANDARD = c99;
				GCC_OPTIMIZATION_LEVEL = 0;
				GCC_VERSION = com.apple.compilers.llvmgcc42;
				GCC_WARN_ABOUT_RETURN_TYPE = YES;
				GCC_WARN_UNUSED_VARIABLE = YES;
				OTHER_LDFLAGS = "-ObjC";
				PREBINDING = NO;
				SDKROOT = iphoneos4.1;
			};
			name = Debug;
		};
		1DEB922408733DC00010E9CD /* Release */ = {
			isa = XCBuildConfiguration;
			buildSettings = {
				ARCHS = "$(ARCHS_STANDARD_32_BIT)";
				GCC_C_LANGUAGE_STANDARD = c99;
				GCC_WARN_ABOUT_RETURN_TYPE = YES;
				GCC_WARN_UNUSED_VARIABLE = YES;
				OTHER_LDFLAGS = "-ObjC";
				PREBINDING = NO;
				SDKROOT = iphoneos4.1;
			};
			name = Release;
		};
/* End XCBuildConfiguration section */

/* Begin XCConfigurationList section */
		1DEB921E08733DC00010E9CD /* Build configuration list for PBXNativeTarget "ZipArchive" */ = {
			isa = XCConfigurationList;
			buildConfigurations = (
				1DEB921F08733DC00010E9CD /* Debug */,
				1DEB922008733DC00010E9CD /* Release */,
			);
			defaultConfigurationIsVisible = 0;
			defaultConfigurationName = Release;
		};
		1DEB922208733DC00010E9CD /* Build configuration list for PBXProject "ZipArchive" */ = {
			isa = XCConfigurationList;
			buildConfigurations = (
				1DEB922308733DC00010E9CD /* Debug */,
				1DEB922408733DC00010E9CD /* Release */,
			);
			defaultConfigurationIsVisible = 0;
			defaultConfigurationName = Release;
		};
/* End XCConfigurationList section */
	};
	rootObject = 0867D690FE84028FC02AAC07 /* Project object */;
}
